
Microsoft Visual Studio Solution File, Format Version 12.00
# Visual Studio Version 16
VisualStudioVersion = 16.0.31313.79
MinimumVisualStudioVersion = 10.0.40219.1
Project("{2150E333-8FDC-42A3-9474-1A3956D46DE8}") = "Examples", "Examples", "{9CD07753-511B-4B36-84CD-975FF4F5C082}"
EndProject
Project("{9A19103F-16F7-4668-BE54-9A1E7A4F7556}") = "Training", "Training\Training.csproj", "{D36E8CB4-5F98-4001-BCB6-436BA289B1E4}"
EndProject
Project("{9A19103F-16F7-4668-BE54-9A1E7A4F7556}") = "Meeting", "Meeting\Meeting.csproj", "{4F3AD8E4-3A9F-4BCF-A1A6-63D967C15CA1}"
EndProject
Project("{9A19103F-16F7-4668-BE54-9A1E7A4F7556}") = "Docx.Core", "Docx.Core\Docx.Core.csproj", "{D4FCC39E-59EA-426F-ABA0-4F2F6DBE06E1}"
EndProject
Global
	GlobalSection(SolutionConfigurationPlatforms) = preSolution
		Debug|Any CPU = Debug|Any CPU
		Release|Any CPU = Release|Any CPU
	EndGlobalSection
	GlobalSection(ProjectConfigurationPlatforms) = postSolution
		{D36E8CB4-5F98-4001-BCB6-436BA289B1E4}.Debug|Any CPU.ActiveCfg = Debug|Any CPU
		{D36E8CB4-5F98-4001-BCB6-436BA289B1E4}.Debug|Any CPU.Build.0 = Debug|Any CPU
		{D36E8CB4-5F98-4001-BCB6-436BA289B1E4}.Release|Any CPU.ActiveCfg = Release|Any CPU
		{D36E8CB4-5F98-4001-BCB6-436BA289B1E4}.Release|Any CPU.Build.0 = Release|Any CPU
		{4F3AD8E4-3A9F-4BCF-A1A6-63D967C15CA1}.Debug|Any CPU.ActiveCfg = Debug|Any CPU
		{4F3AD8E4-3A9F-4BCF-A1A6-63D967C15CA1}.Debug|Any CPU.Build.0 = Debug|Any CPU
		{4F3AD8E4-3A9F-4BCF-A1A6-63D967C15CA1}.Release|Any CPU.ActiveCfg = Release|Any CPU
		{4F3AD8E4-3A9F-4BCF-A1A6-63D967C15CA1}.Release|Any CPU.Build.0 = Release|Any CPU
		{D4FCC39E-59EA-426F-ABA0-4F2F6DBE06E1}.Debug|Any CPU.ActiveCfg = Debug|Any CPU
		{D4FCC39E-59EA-426F-ABA0-4F2F6DBE06E1}.Debug|Any CPU.Build.0 = Debug|Any CPU
		{D4FCC39E-59EA-426F-ABA0-4F2F6DBE06E1}.Release|Any CPU.ActiveCfg = Release|Any CPU
		{D4FCC39E-59EA-426F-ABA0-4F2F6DBE06E1}.Release|Any CPU.Build.0 = Release|Any CPU
	EndGlobalSection
	GlobalSection(SolutionProperties) = preSolution
		HideSolutionNode = FALSE
	EndGlobalSection
	GlobalSection(NestedProjects) = preSolution
		{D36E8CB4-5F98-4001-BCB6-436BA289B1E4} = {9CD07753-511B-4B36-84CD-975FF4F5C082}
		{4F3AD8E4-3A9F-4BCF-A1A6-63D967C15CA1} = {9CD07753-511B-4B36-84CD-975FF4F5C082}
	EndGlobalSection
	GlobalSection(ExtensibilityGlobals) = postSolution
		SolutionGuid = {6F16B4BF-9D68-4B41-A692-5AD2E5996E3B}
	EndGlobalSection
EndGlobal
